
Microsoft Visual Studio Solution File, Format Version 12.00
# Visual Studio Version 17
VisualStudioVersion = 17.4.33122.133
MinimumVisualStudioVersion = 10.0.40219.1
Project("{888888A0-9F3D-457C-B088-3A5042F75D52}") = "algorithmes-lab4", "algorithmes-lab4\algorithmes-lab4.pyproj", "{A2BED342-68E8-4667-A90B-6D1EB98C69B7}"
EndProject
Global
	GlobalSection(SolutionConfigurationPlatforms) = preSolution
		Debug|Any CPU = Debug|Any CPU
		Release|Any CPU = Release|Any CPU
	EndGlobalSection
	GlobalSection(ProjectConfigurationPlatforms) = postSolution
		{A2BED342-68E8-4667-A90B-6D1EB98C69B7}.Debug|Any CPU.ActiveCfg = Debug|Any CPU
		{A2BED342-68E8-4667-A90B-6D1EB98C69B7}.Release|Any CPU.ActiveCfg = Release|Any CPU
	EndGlobalSection
	GlobalSection(SolutionProperties) = preSolution
		HideSolutionNode = FALSE
	EndGlobalSection
	GlobalSection(ExtensibilityGlobals) = postSolution
		SolutionGuid = {B8503B42-72FD-4FFB-A243-2880DFDA426B}
	EndGlobalSection
EndGlobal
